// !$*UTF8*$!
{
	archiveVersion = 1;
	classes = {
	};
	objectVersion = 46;
	objects = {

/* Begin PBXBuildFile section */
		5B8AA2521581072200C7EA0D /* UIKit.framework in Frameworks */ = {isa = PBXBuildFile; fileRef = 5B8AA2511581072200C7EA0D /* UIKit.framework */; };
		5B8AA2541581072200C7EA0D /* Foundation.framework in Frameworks */ = {isa = PBXBuildFile; fileRef = 5B8AA2531581072200C7EA0D /* Foundation.framework */; };
		5B8AA2561581072200C7EA0D /* CoreGraphics.framework in Frameworks */ = {isa = PBXBuildFile; fileRef = 5B8AA2551581072200C7EA0D /* CoreGraphics.framework */; };
		5B8AA25C1581072200C7EA0D /* InfoPlist.strings in Resources */ = {isa = PBXBuildFile; fileRef = 5B8AA25A1581072200C7EA0D /* InfoPlist.strings */; };
		5B8AA25E1581072200C7EA0D /* main.m in Sources */ = {isa = PBXBuildFile; fileRef = 5B8AA25D1581072200C7EA0D /* main.m */; };
		5B8AA2621581072200C7EA0D /* Jun7AppDelegate.m in Sources */ = {isa = PBXBuildFile; fileRef = 5B8AA2611581072200C7EA0D /* Jun7AppDelegate.m */; };
/* End PBXBuildFile section */

/* Begin PBXFileReference section */
		5B8AA24D1581072200C7EA0D /* Jun7.app */ = {isa = PBXFileReference; explicitFileType = wrapper.application; includeInIndex = 0; path = Jun7.app; sourceTree = BUILT_PRODUCTS_DIR; };
		5B8AA2511581072200C7EA0D /* UIKit.framework */ = {isa = PBXFileReference; lastKnownFileType = wrapper.framework; name = UIKit.framework; path = System/Library/Frameworks/UIKit.framework; sourceTree = SDKROOT; };
		5B8AA2531581072200C7EA0D /* Foundation.framework */ = {isa = PBXFileReference; lastKnownFileType = wrapper.framework; name = Foundation.framework; path = System/Library/Frameworks/Foundation.framework; sourceTree = SDKROOT; };
		5B8AA2551581072200C7EA0D /* CoreGraphics.framework */ = {isa = PBXFileReference; lastKnownFileType = wrapper.framework; name = CoreGraphics.framework; path = System/Library/Frameworks/CoreGraphics.framework; sourceTree = SDKROOT; };
		5B8AA2591581072200C7EA0D /* Jun7-Info.plist */ = {isa = PBXFileReference; lastKnownFileType = text.plist.xml; path = "Jun7-Info.plist"; sourceTree = "<group>"; };
		5B8AA25B1581072200C7EA0D /* en */ = {isa = PBXFileReference; lastKnownFileType = text.plist.strings; name = en; path = en.lproj/InfoPlist.strings; sourceTree = "<group>"; };
		5B8AA25D1581072200C7EA0D /* main.m */ = {isa = PBXFileReference; lastKnownFileType = sourcecode.c.objc; path = main.m; sourceTree = "<group>"; };
		5B8AA25F1581072200C7EA0D /* Jun7-Prefix.pch */ = {isa = PBXFileReference; lastKnownFileType = sourcecode.c.h; path = "Jun7-Prefix.pch"; sourceTree = "<group>"; };
		5B8AA2601581072200C7EA0D /* Jun7AppDelegate.h */ = {isa = PBXFileReference; lastKnownFileType = sourcecode.c.h; path = Jun7AppDelegate.h; sourceTree = "<group>"; };
		5B8AA2611581072200C7EA0D /* Jun7AppDelegate.m */ = {isa = PBXFileReference; lastKnownFileType = sourcecode.c.objc; path = Jun7AppDelegate.m; sourceTree = "<group>"; };
/* End PBXFileReference section */

/* Begin PBXFrameworksBuildPhase section */
		5B8AA24A1581072100C7EA0D /* Frameworks */ = {
			isa = PBXFrameworksBuildPhase;
			buildActionMask = 2147483647;
			files = (
				5B8AA2521581072200C7EA0D /* UIKit.framework in Frameworks */,
				5B8AA2541581072200C7EA0D /* Foundation.framework in Frameworks */,
				5B8AA2561581072200C7EA0D /* CoreGraphics.framework in Frameworks */,
			);
			runOnlyForDeploymentPostprocessing = 0;
		};
/* End PBXFrameworksBuildPhase section */

/* Begin PBXGroup section */
		5B8AA2421581072100C7EA0D = {
			isa = PBXGroup;
			children = (
				5B8AA2571581072200C7EA0D /* Jun7 */,
				5B8AA2501581072200C7EA0D /* Frameworks */,
				5B8AA24E1581072200C7EA0D /* Products */,
			);
			sourceTree = "<group>";
		};
		5B8AA24E1581072200C7EA0D /* Products */ = {
			isa = PBXGroup;
			children = (
				5B8AA24D1581072200C7EA0D /* Jun7.app */,
			);
			name = Products;
			sourceTree = "<group>";
		};
		5B8AA2501581072200C7EA0D /* Frameworks */ = {
			isa = PBXGroup;
			children = (
				5B8AA2511581072200C7EA0D /* UIKit.framework */,
				5B8AA2531581072200C7EA0D /* Foundation.framework */,
				5B8AA2551581072200C7EA0D /* CoreGraphics.framework */,
			);
			name = Frameworks;
			sourceTree = "<group>";
		};
		5B8AA2571581072200C7EA0D /* Jun7 */ = {
			isa = PBXGroup;
			children = (
				5B8AA2601581072200C7EA0D /* Jun7AppDelegate.h */,
				5B8AA2611581072200C7EA0D /* Jun7AppDelegate.m */,
				5B8AA2581581072200C7EA0D /* Supporting Files */,
			);
			path = Jun7;
			sourceTree = "<group>";
		};
		5B8AA2581581072200C7EA0D /* Supporting Files */ = {
			isa = PBXGroup;
			children = (
				5B8AA2591581072200C7EA0D /* Jun7-Info.plist */,
				5B8AA25A1581072200C7EA0D /* InfoPlist.strings */,
				5B8AA25D1581072200C7EA0D /* main.m */,
				5B8AA25F1581072200C7EA0D /* Jun7-Prefix.pch */,
			);
			name = "Supporting Files";
			sourceTree = "<group>";
		};
/* End PBXGroup section */

/* Begin PBXNativeTarget section */
		5B8AA24C1581072100C7EA0D /* Jun7 */ = {
			isa = PBXNativeTarget;
			buildConfigurationList = 5B8AA2651581072200C7EA0D /* Build configuration list for PBXNativeTarget "Jun7" */;
			buildPhases = (
				5B8AA2491581072100C7EA0D /* Sources */,
				5B8AA24A1581072100C7EA0D /* Frameworks */,
				5B8AA24B1581072100C7EA0D /* Resources */,
			);
			buildRules = (
			);
			dependencies = (
			);
			name = Jun7;
			productName = Jun7;
			productReference = 5B8AA24D1581072200C7EA0D /* Jun7.app */;
			productType = "com.apple.product-type.application";
		};
/* End PBXNativeTarget section */

/* Begin PBXProject section */
		5B8AA2441581072100C7EA0D /* Project object */ = {
			isa = PBXProject;
			attributes = {
				CLASSPREFIX = Jun7;
				LastUpgradeCheck = 0430;
			};
			buildConfigurationList = 5B8AA2471581072100C7EA0D /* Build configuration list for PBXProject "Jun7" */;
			compatibilityVersion = "Xcode 3.2";
			developmentRegion = English;
			hasScannedForEncodings = 0;
			knownRegions = (
				en,
			);
			mainGroup = 5B8AA2421581072100C7EA0D;
			productRefGroup = 5B8AA24E1581072200C7EA0D /* Products */;
			projectDirPath = "";
			projectRoot = "";
			targets = (
				5B8AA24C1581072100C7EA0D /* Jun7 */,
			);
		};
/* End PBXProject section */

/* Begin PBXResourcesBuildPhase section */
		5B8AA24B1581072100C7EA0D /* Resources */ = {
			isa = PBXResourcesBuildPhase;
			buildActionMask = 2147483647;
			files = (
				5B8AA25C1581072200C7EA0D /* InfoPlist.strings in Resources */,
			);
			runOnlyForDeploymentPostprocessing = 0;
		};
/* End PBXResourcesBuildPhase section */

/* Begin PBXSourcesBuildPhase section */
		5B8AA2491581072100C7EA0D /* Sources */ = {
			isa = PBXSourcesBuildPhase;
			buildActionMask = 2147483647;
			files = (
				5B8AA25E1581072200C7EA0D /* main.m in Sources */,
				5B8AA2621581072200C7EA0D /* Jun7AppDelegate.m in Sources */,
			);
			runOnlyForDeploymentPostprocessing = 0;
		};
/* End PBXSourcesBuildPhase section */

/* Begin PBXVariantGroup section */
		5B8AA25A1581072200C7EA0D /* InfoPlist.strings */ = {
			isa = PBXVariantGroup;
			children = (
				5B8AA25B1581072200C7EA0D /* en */,
			);
			name = InfoPlist.strings;
			sourceTree = "<group>";
		};
/* End PBXVariantGroup section */

/* Begin XCBuildConfiguration section */
		5B8AA2631581072200C7EA0D /* Debug */ = {
			isa = XCBuildConfiguration;
			buildSettings = {
				ALWAYS_SEARCH_USER_PATHS = NO;
				ARCHS = "$(ARCHS_STANDARD_32_BIT)";
				CLANG_ENABLE_OBJC_ARC = YES;
				"CODE_SIGN_IDENTITY[sdk=iphoneos*]" = "iPhone Developer";
				COPY_PHASE_STRIP = NO;
				GCC_C_LANGUAGE_STANDARD = gnu99;
				GCC_DYNAMIC_NO_PIC = NO;
				GCC_OPTIMIZATION_LEVEL = 0;
				GCC_PREPROCESSOR_DEFINITIONS = (
					"DEBUG=1",
					"$(inherited)",
				);
				GCC_SYMBOLS_PRIVATE_EXTERN = NO;
				GCC_VERSION = com.apple.compilers.llvm.clang.1_0;
				GCC_WARN_ABOUT_RETURN_TYPE = YES;
				GCC_WARN_UNINITIALIZED_AUTOS = YES;
				GCC_WARN_UNUSED_VARIABLE = YES;
				IPHONEOS_DEPLOYMENT_TARGET = 5.1;
				SDKROOT = iphoneos;
			};
			name = Debug;
		};
		5B8AA2641581072200C7EA0D /* Release */ = {
			isa = XCBuildConfiguration;
			buildSettings = {
				ALWAYS_SEARCH_USER_PATHS = NO;
				ARCHS = "$(ARCHS_STANDARD_32_BIT)";
				CLANG_ENABLE_OBJC_ARC = YES;
				"CODE_SIGN_IDENTITY[sdk=iphoneos*]" = "iPhone Developer";
				COPY_PHASE_STRIP = YES;
				GCC_C_LANGUAGE_STANDARD = gnu99;
				GCC_VERSION = com.apple.compilers.llvm.clang.1_0;
				GCC_WARN_ABOUT_RETURN_TYPE = YES;
				GCC_WARN_UNINITIALIZED_AUTOS = YES;
				GCC_WARN_UNUSED_VARIABLE = YES;
				IPHONEOS_DEPLOYMENT_TARGET = 5.1;
				OTHER_CFLAGS = "-DNS_BLOCK_ASSERTIONS=1";
				SDKROOT = iphoneos;
				VALIDATE_PRODUCT = YES;
			};
			name = Release;
		};
		5B8AA2661581072200C7EA0D /* Debug */ = {
			isa = XCBuildConfiguration;
			buildSettings = {
				GCC_PRECOMPILE_PREFIX_HEADER = YES;
				GCC_PREFIX_HEADER = "Jun7/Jun7-Prefix.pch";
				INFOPLIST_FILE = "Jun7/Jun7-Info.plist";
				PRODUCT_NAME = "$(TARGET_NAME)";
				WRAPPER_EXTENSION = app;
			};
			name = Debug;
		};
		5B8AA2671581072200C7EA0D /* Release */ = {
			isa = XCBuildConfiguration;
			buildSettings = {
				GCC_PRECOMPILE_PREFIX_HEADER = YES;
				GCC_PREFIX_HEADER = "Jun7/Jun7-Prefix.pch";
				INFOPLIST_FILE = "Jun7/Jun7-Info.plist";
				PRODUCT_NAME = "$(TARGET_NAME)";
				WRAPPER_EXTENSION = app;
			};
			name = Release;
		};
/* End XCBuildConfiguration section */

/* Begin XCConfigurationList section */
		5B8AA2471581072100C7EA0D /* Build configuration list for PBXProject "Jun7" */ = {
			isa = XCConfigurationList;
			buildConfigurations = (
				5B8AA2631581072200C7EA0D /* Debug */,
				5B8AA2641581072200C7EA0D /* Release */,
			);
			defaultConfigurationIsVisible = 0;
			defaultConfigurationName = Release;
		};
		5B8AA2651581072200C7EA0D /* Build configuration list for PBXNativeTarget "Jun7" */ = {
			isa = XCConfigurationList;
			buildConfigurations = (
				5B8AA2661581072200C7EA0D /* Debug */,
				5B8AA2671581072200C7EA0D /* Release */,
			);
			defaultConfigurationIsVisible = 0;
		};
/* End XCConfigurationList section */
	};
	rootObject = 5B8AA2441581072100C7EA0D /* Project object */;
}
